
Microsoft Visual Studio Solution File, Format Version 12.00
# Visual Studio 15
VisualStudioVersion = 15.0.28307.1022
MinimumVisualStudioVersion = 10.0.40219.1
Project("{8BC9CEB8-8B4A-11D0-8D11-00A0C91BC942}") = "ConsoleChess", "ConsoleChess\ConsoleChess.vcxproj", "{67720C08-18C7-4D3B-BC57-5363EB2CBC11}"
EndProject
Global
	GlobalSection(SolutionConfigurationPlatforms) = preSolution
		Debug|x64 = Debug|x64
		Debug|x86 = Debug|x86
		Release|x64 = Release|x64
		Release|x86 = Release|x86
	EndGlobalSection
	GlobalSection(ProjectConfigurationPlatforms) = postSolution
		{67720C08-18C7-4D3B-BC57-5363EB2CBC11}.Debug|x64.ActiveCfg = Debug|x64
		{67720C08-18C7-4D3B-BC57-5363EB2CBC11}.Debug|x64.Build.0 = Debug|x64
		{67720C08-18C7-4D3B-BC57-5363EB2CBC11}.Debug|x86.ActiveCfg = Debug|Win32
		{67720C08-18C7-4D3B-BC57-5363EB2CBC11}.Debug|x86.Build.0 = Debug|Win32
		{67720C08-18C7-4D3B-BC57-5363EB2CBC11}.Release|x64.ActiveCfg = Release|x64
		{67720C08-18C7-4D3B-BC57-5363EB2CBC11}.Release|x64.Build.0 = Release|x64
		{67720C08-18C7-4D3B-BC57-5363EB2CBC11}.Release|x86.ActiveCfg = Release|Win32
		{67720C08-18C7-4D3B-BC57-5363EB2CBC11}.Release|x86.Build.0 = Release|Win32
	EndGlobalSection
	GlobalSection(SolutionProperties) = preSolution
		HideSolutionNode = FALSE
	EndGlobalSection
	GlobalSection(ExtensibilityGlobals) = postSolution
		SolutionGuid = {B072EE8F-2F75-4093-9EC1-BAFEB86C5B2E}
	EndGlobalSection
EndGlobal
